// !$*UTF8*$!
{
	archiveVersion = 1;
	classes = {
	};
	objectVersion = 56;
	objects = {

/* Begin PBXBuildFile section */
		63667A872B95835F0094FD35 /* Condition.swift in Sources */ = {isa = PBXBuildFile; fileRef = 63667A842B9582C70094FD35 /* Condition.swift */; };
		63667A8A2B9585860094FD35 /* Loup.swift in Sources */ = {isa = PBXBuildFile; fileRef = 63667A892B9585860094FD35 /* Loup.swift */; };
		63667A8C2B9587810094FD35 /* Function.swift in Sources */ = {isa = PBXBuildFile; fileRef = 63667A8B2B9587810094FD35 /* Function.swift */; };
		63667A8E2B958B140094FD35 /* Half.swift in Sources */ = {isa = PBXBuildFile; fileRef = 63667A8D2B958B140094FD35 /* Half.swift */; };
		63667A902B958EA40094FD35 /* Elevator.swift in Sources */ = {isa = PBXBuildFile; fileRef = 63667A8F2B958EA40094FD35 /* Elevator.swift */; };
		63CC1D5E2B8D4DEA0037506C /* study_swiftApp.swift in Sources */ = {isa = PBXBuildFile; fileRef = 63CC1D5D2B8D4DEA0037506C /* study_swiftApp.swift */; };
		63CC1D602B8D4DEA0037506C /* ContentView.swift in Sources */ = {isa = PBXBuildFile; fileRef = 63CC1D5F2B8D4DEA0037506C /* ContentView.swift */; };
		63CC1D622B8D4DED0037506C /* Assets.xcassets in Resources */ = {isa = PBXBuildFile; fileRef = 63CC1D612B8D4DED0037506C /* Assets.xcassets */; };
		63CC1D652B8D4DED0037506C /* Preview Assets.xcassets in Resources */ = {isa = PBXBuildFile; fileRef = 63CC1D642B8D4DED0037506C /* Preview Assets.xcassets */; };
		63CC1D6F2B8D4DED0037506C /* study_swiftTests.swift in Sources */ = {isa = PBXBuildFile; fileRef = 63CC1D6E2B8D4DED0037506C /* study_swiftTests.swift */; };
		63CC1D792B8D4DED0037506C /* study_swiftUITests.swift in Sources */ = {isa = PBXBuildFile; fileRef = 63CC1D782B8D4DED0037506C /* study_swiftUITests.swift */; };
		63CC1D7B2B8D4DED0037506C /* study_swiftUITestsLaunchTests.swift in Sources */ = {isa = PBXBuildFile; fileRef = 63CC1D7A2B8D4DED0037506C /* study_swiftUITestsLaunchTests.swift */; };
/* End PBXBuildFile section */

/* Begin PBXContainerItemProxy section */
		63CC1D6B2B8D4DED0037506C /* PBXContainerItemProxy */ = {
			isa = PBXContainerItemProxy;
			containerPortal = 63CC1D522B8D4DEA0037506C /* Project object */;
			proxyType = 1;
			remoteGlobalIDString = 63CC1D592B8D4DEA0037506C;
			remoteInfo = study_swift;
		};
		63CC1D752B8D4DED0037506C /* PBXContainerItemProxy */ = {
			isa = PBXContainerItemProxy;
			containerPortal = 63CC1D522B8D4DEA0037506C /* Project object */;
			proxyType = 1;
			remoteGlobalIDString = 63CC1D592B8D4DEA0037506C;
			remoteInfo = study_swift;
		};
/* End PBXContainerItemProxy section */

/* Begin PBXFileReference section */
		63667A842B9582C70094FD35 /* Condition.swift */ = {isa = PBXFileReference; lastKnownFileType = sourcecode.swift; path = Condition.swift; sourceTree = "<group>"; };
		63667A892B9585860094FD35 /* Loup.swift */ = {isa = PBXFileReference; lastKnownFileType = sourcecode.swift; path = Loup.swift; sourceTree = "<group>"; };
		63667A8B2B9587810094FD35 /* Function.swift */ = {isa = PBXFileReference; lastKnownFileType = sourcecode.swift; path = Function.swift; sourceTree = "<group>"; };
		63667A8D2B958B140094FD35 /* Half.swift */ = {isa = PBXFileReference; lastKnownFileType = sourcecode.swift; path = Half.swift; sourceTree = "<group>"; };
		63667A8F2B958EA40094FD35 /* Elevator.swift */ = {isa = PBXFileReference; lastKnownFileType = sourcecode.swift; path = Elevator.swift; sourceTree = "<group>"; };
		63CC1D5A2B8D4DEA0037506C /* study_swift.app */ = {isa = PBXFileReference; explicitFileType = wrapper.application; includeInIndex = 0; path = study_swift.app; sourceTree = BUILT_PRODUCTS_DIR; };
		63CC1D5D2B8D4DEA0037506C /* study_swiftApp.swift */ = {isa = PBXFileReference; lastKnownFileType = sourcecode.swift; path = study_swiftApp.swift; sourceTree = "<group>"; };
		63CC1D5F2B8D4DEA0037506C /* ContentView.swift */ = {isa = PBXFileReference; lastKnownFileType = sourcecode.swift; path = ContentView.swift; sourceTree = "<group>"; };
		63CC1D612B8D4DED0037506C /* Assets.xcassets */ = {isa = PBXFileReference; lastKnownFileType = folder.assetcatalog; path = Assets.xcassets; sourceTree = "<group>"; };
		63CC1D642B8D4DED0037506C /* Preview Assets.xcassets */ = {isa = PBXFileReference; lastKnownFileType = folder.assetcatalog; path = "Preview Assets.xcassets"; sourceTree = "<group>"; };
		63CC1D6A2B8D4DED0037506C /* study_swiftTests.xctest */ = {isa = PBXFileReference; explicitFileType = wrapper.cfbundle; includeInIndex = 0; path = study_swiftTests.xctest; sourceTree = BUILT_PRODUCTS_DIR; };
		63CC1D6E2B8D4DED0037506C /* study_swiftTests.swift */ = {isa = PBXFileReference; lastKnownFileType = sourcecode.swift; path = study_swiftTests.swift; sourceTree = "<group>"; };
		63CC1D742B8D4DED0037506C /* study_swiftUITests.xctest */ = {isa = PBXFileReference; explicitFileType = wrapper.cfbundle; includeInIndex = 0; path = study_swiftUITests.xctest; sourceTree = BUILT_PRODUCTS_DIR; };
		63CC1D782B8D4DED0037506C /* study_swiftUITests.swift */ = {isa = PBXFileReference; lastKnownFileType = sourcecode.swift; path = study_swiftUITests.swift; sourceTree = "<group>"; };
		63CC1D7A2B8D4DED0037506C /* study_swiftUITestsLaunchTests.swift */ = {isa = PBXFileReference; lastKnownFileType = sourcecode.swift; path = study_swiftUITestsLaunchTests.swift; sourceTree = "<group>"; };
/* End PBXFileReference section */

/* Begin PBXFrameworksBuildPhase section */
		63CC1D572B8D4DEA0037506C /* Frameworks */ = {
			isa = PBXFrameworksBuildPhase;
			buildActionMask = 2147483647;
			files = (
			);
			runOnlyForDeploymentPostprocessing = 0;
		};
		63CC1D672B8D4DED0037506C /* Frameworks */ = {
			isa = PBXFrameworksBuildPhase;
			buildActionMask = 2147483647;
			files = (
			);
			runOnlyForDeploymentPostprocessing = 0;
		};
		63CC1D712B8D4DED0037506C /* Frameworks */ = {
			isa = PBXFrameworksBuildPhase;
			buildActionMask = 2147483647;
			files = (
			);
			runOnlyForDeploymentPostprocessing = 0;
		};
/* End PBXFrameworksBuildPhase section */

/* Begin PBXGroup section */
		63CC1D512B8D4DEA0037506C = {
			isa = PBXGroup;
			children = (
				63CC1D5C2B8D4DEA0037506C /* study_swift */,
				63CC1D6D2B8D4DED0037506C /* study_swiftTests */,
				63CC1D772B8D4DED0037506C /* study_swiftUITests */,
				63CC1D5B2B8D4DEA0037506C /* Products */,
			);
			sourceTree = "<group>";
		};
		63CC1D5B2B8D4DEA0037506C /* Products */ = {
			isa = PBXGroup;
			children = (
				63CC1D5A2B8D4DEA0037506C /* study_swift.app */,
				63CC1D6A2B8D4DED0037506C /* study_swiftTests.xctest */,
				63CC1D742B8D4DED0037506C /* study_swiftUITests.xctest */,
			);
			name = Products;
			sourceTree = "<group>";
		};
		63CC1D5C2B8D4DEA0037506C /* study_swift */ = {
			isa = PBXGroup;
			children = (
				63CC1D5D2B8D4DEA0037506C /* study_swiftApp.swift */,
				63CC1D5F2B8D4DEA0037506C /* ContentView.swift */,
				63CC1D612B8D4DED0037506C /* Assets.xcassets */,
				63CC1D632B8D4DED0037506C /* Preview Content */,
			);
			path = study_swift;
			sourceTree = "<group>";
		};
		63CC1D632B8D4DED0037506C /* Preview Content */ = {
			isa = PBXGroup;
			children = (
				63CC1D642B8D4DED0037506C /* Preview Assets.xcassets */,
				63667A842B9582C70094FD35 /* Condition.swift */,
				63667A892B9585860094FD35 /* Loup.swift */,
				63667A8B2B9587810094FD35 /* Function.swift */,
				63667A8D2B958B140094FD35 /* Half.swift */,
				63667A8F2B958EA40094FD35 /* Elevator.swift */,
			);
			path = "Preview Content";
			sourceTree = "<group>";
		};
		63CC1D6D2B8D4DED0037506C /* study_swiftTests */ = {
			isa = PBXGroup;
			children = (
				63CC1D6E2B8D4DED0037506C /* study_swiftTests.swift */,
			);
			path = study_swiftTests;
			sourceTree = "<group>";
		};
		63CC1D772B8D4DED0037506C /* study_swiftUITests */ = {
			isa = PBXGroup;
			children = (
				63CC1D782B8D4DED0037506C /* study_swiftUITests.swift */,
				63CC1D7A2B8D4DED0037506C /* study_swiftUITestsLaunchTests.swift */,
			);
			path = study_swiftUITests;
			sourceTree = "<group>";
		};
/* End PBXGroup section */

/* Begin PBXNativeTarget section */
		63CC1D592B8D4DEA0037506C /* study_swift */ = {
			isa = PBXNativeTarget;
			buildConfigurationList = 63CC1D7E2B8D4DED0037506C /* Build configuration list for PBXNativeTarget "study_swift" */;
			buildPhases = (
				63CC1D562B8D4DEA0037506C /* Sources */,
				63CC1D572B8D4DEA0037506C /* Frameworks */,
				63CC1D582B8D4DEA0037506C /* Resources */,
			);
			buildRules = (
			);
			dependencies = (
			);
			name = study_swift;
			productName = study_swift;
			productReference = 63CC1D5A2B8D4DEA0037506C /* study_swift.app */;
			productType = "com.apple.product-type.application";
		};
		63CC1D692B8D4DED0037506C /* study_swiftTests */ = {
			isa = PBXNativeTarget;
			buildConfigurationList = 63CC1D812B8D4DED0037506C /* Build configuration list for PBXNativeTarget "study_swiftTests" */;
			buildPhases = (
				63CC1D662B8D4DED0037506C /* Sources */,
				63CC1D672B8D4DED0037506C /* Frameworks */,
				63CC1D682B8D4DED0037506C /* Resources */,
			);
			buildRules = (
			);
			dependencies = (
				63CC1D6C2B8D4DED0037506C /* PBXTargetDependency */,
			);
			name = study_swiftTests;
			productName = study_swiftTests;
			productReference = 63CC1D6A2B8D4DED0037506C /* study_swiftTests.xctest */;
			productType = "com.apple.product-type.bundle.unit-test";
		};
		63CC1D732B8D4DED0037506C /* study_swiftUITests */ = {
			isa = PBXNativeTarget;
			buildConfigurationList = 63CC1D842B8D4DED0037506C /* Build configuration list for PBXNativeTarget "study_swiftUITests" */;
			buildPhases = (
				63CC1D702B8D4DED0037506C /* Sources */,
				63CC1D712B8D4DED0037506C /* Frameworks */,
				63CC1D722B8D4DED0037506C /* Resources */,
			);
			buildRules = (
			);
			dependencies = (
				63CC1D762B8D4DED0037506C /* PBXTargetDependency */,
			);
			name = study_swiftUITests;
			productName = study_swiftUITests;
			productReference = 63CC1D742B8D4DED0037506C /* study_swiftUITests.xctest */;
			productType = "com.apple.product-type.bundle.ui-testing";
		};
/* End PBXNativeTarget section */

/* Begin PBXProject section */
		63CC1D522B8D4DEA0037506C /* Project object */ = {
			isa = PBXProject;
			attributes = {
				BuildIndependentTargetsInParallel = 1;
				LastSwiftUpdateCheck = 1500;
				LastUpgradeCheck = 1500;
				TargetAttributes = {
					63CC1D592B8D4DEA0037506C = {
						CreatedOnToolsVersion = 15.0.1;
					};
					63CC1D692B8D4DED0037506C = {
						CreatedOnToolsVersion = 15.0.1;
						TestTargetID = 63CC1D592B8D4DEA0037506C;
					};
					63CC1D732B8D4DED0037506C = {
						CreatedOnToolsVersion = 15.0.1;
						TestTargetID = 63CC1D592B8D4DEA0037506C;
					};
				};
			};
			buildConfigurationList = 63CC1D552B8D4DEA0037506C /* Build configuration list for PBXProject "study_swift" */;
			compatibilityVersion = "Xcode 14.0";
			developmentRegion = en;
			hasScannedForEncodings = 0;
			knownRegions = (
				en,
				Base,
			);
			mainGroup = 63CC1D512B8D4DEA0037506C;
			productRefGroup = 63CC1D5B2B8D4DEA0037506C /* Products */;
			projectDirPath = "";
			projectRoot = "";
			targets = (
				63CC1D592B8D4DEA0037506C /* study_swift */,
				63CC1D692B8D4DED0037506C /* study_swiftTests */,
				63CC1D732B8D4DED0037506C /* study_swiftUITests */,
			);
		};
/* End PBXProject section */

/* Begin PBXResourcesBuildPhase section */
		63CC1D582B8D4DEA0037506C /* Resources */ = {
			isa = PBXResourcesBuildPhase;
			buildActionMask = 2147483647;
			files = (
				63CC1D652B8D4DED0037506C /* Preview Assets.xcassets in Resources */,
				63CC1D622B8D4DED0037506C /* Assets.xcassets in Resources */,
			);
			runOnlyForDeploymentPostprocessing = 0;
		};
		63CC1D682B8D4DED0037506C /* Resources */ = {
			isa = PBXResourcesBuildPhase;
			buildActionMask = 2147483647;
			files = (
			);
			runOnlyForDeploymentPostprocessing = 0;
		};
		63CC1D722B8D4DED0037506C /* Resources */ = {
			isa = PBXResourcesBuildPhase;
			buildActionMask = 2147483647;
			files = (
			);
			runOnlyForDeploymentPostprocessing = 0;
		};
/* End PBXResourcesBuildPhase section */

/* Begin PBXSourcesBuildPhase section */
		63CC1D562B8D4DEA0037506C /* Sources */ = {
			isa = PBXSourcesBuildPhase;
			buildActionMask = 2147483647;
			files = (
				63CC1D602B8D4DEA0037506C /* ContentView.swift in Sources */,
				63667A8A2B9585860094FD35 /* Loup.swift in Sources */,
				63667A8E2B958B140094FD35 /* Half.swift in Sources */,
				63667A872B95835F0094FD35 /* Condition.swift in Sources */,
				63CC1D5E2B8D4DEA0037506C /* study_swiftApp.swift in Sources */,
				63667A902B958EA40094FD35 /* Elevator.swift in Sources */,
				63667A8C2B9587810094FD35 /* Function.swift in Sources */,
			);
			runOnlyForDeploymentPostprocessing = 0;
		};
		63CC1D662B8D4DED0037506C /* Sources */ = {
			isa = PBXSourcesBuildPhase;
			buildActionMask = 2147483647;
			files = (
				63CC1D6F2B8D4DED0037506C /* study_swiftTests.swift in Sources */,
			);
			runOnlyForDeploymentPostprocessing = 0;
		};
		63CC1D702B8D4DED0037506C /* Sources */ = {
			isa = PBXSourcesBuildPhase;
			buildActionMask = 2147483647;
			files = (
				63CC1D7B2B8D4DED0037506C /* study_swiftUITestsLaunchTests.swift in Sources */,
				63CC1D792B8D4DED0037506C /* study_swiftUITests.swift in Sources */,
			);
			runOnlyForDeploymentPostprocessing = 0;
		};
/* End PBXSourcesBuildPhase section */

/* Begin PBXTargetDependency section */
		63CC1D6C2B8D4DED0037506C /* PBXTargetDependency */ = {
			isa = PBXTargetDependency;
			target = 63CC1D592B8D4DEA0037506C /* study_swift */;
			targetProxy = 63CC1D6B2B8D4DED0037506C /* PBXContainerItemProxy */;
		};
		63CC1D762B8D4DED0037506C /* PBXTargetDependency */ = {
			isa = PBXTargetDependency;
			target = 63CC1D592B8D4DEA0037506C /* study_swift */;
			targetProxy = 63CC1D752B8D4DED0037506C /* PBXContainerItemProxy */;
		};
/* End PBXTargetDependency section */

/* Begin XCBuildConfiguration section */
		63CC1D7C2B8D4DED0037506C /* Debug */ = {
			isa = XCBuildConfiguration;
			buildSettings = {
				ALWAYS_SEARCH_USER_PATHS = NO;
				ASSETCATALOG_COMPILER_GENERATE_SWIFT_ASSET_SYMBOL_EXTENSIONS = YES;
				CLANG_ANALYZER_NONNULL = YES;
				CLANG_ANALYZER_NUMBER_OBJECT_CONVERSION = YES_AGGRESSIVE;
				CLANG_CXX_LANGUAGE_STANDARD = "gnu++20";
				CLANG_ENABLE_MODULES = YES;
				CLANG_ENABLE_OBJC_ARC = YES;
				CLANG_ENABLE_OBJC_WEAK = YES;
				CLANG_WARN_BLOCK_CAPTURE_AUTORELEASING = YES;
				CLANG_WARN_BOOL_CONVERSION = YES;
				CLANG_WARN_COMMA = YES;
				CLANG_WARN_CONSTANT_CONVERSION = YES;
				CLANG_WARN_DEPRECATED_OBJC_IMPLEMENTATIONS = YES;
				CLANG_WARN_DIRECT_OBJC_ISA_USAGE = YES_ERROR;
				CLANG_WARN_DOCUMENTATION_COMMENTS = YES;
				CLANG_WARN_EMPTY_BODY = YES;
				CLANG_WARN_ENUM_CONVERSION = YES;
				CLANG_WARN_INFINITE_RECURSION = YES;
				CLANG_WARN_INT_CONVERSION = YES;
				CLANG_WARN_NON_LITERAL_NULL_CONVERSION = YES;
				CLANG_WARN_OBJC_IMPLICIT_RETAIN_SELF = YES;
				CLANG_WARN_OBJC_LITERAL_CONVERSION = YES;
				CLANG_WARN_OBJC_ROOT_CLASS = YES_ERROR;
				CLANG_WARN_QUOTED_INCLUDE_IN_FRAMEWORK_HEADER = YES;
				CLANG_WARN_RANGE_LOOP_ANALYSIS = YES;
				CLANG_WARN_STRICT_PROTOTYPES = YES;
				CLANG_WARN_SUSPICIOUS_MOVE = YES;
				CLANG_WARN_UNGUARDED_AVAILABILITY = YES_AGGRESSIVE;
				CLANG_WARN_UNREACHABLE_CODE = YES;
				CLANG_WARN__DUPLICATE_METHOD_MATCH = YES;
				COPY_PHASE_STRIP = NO;
				DEBUG_INFORMATION_FORMAT = dwarf;
				ENABLE_STRICT_OBJC_MSGSEND = YES;
				ENABLE_TESTABILITY = YES;
				ENABLE_USER_SCRIPT_SANDBOXING = YES;
				GCC_C_LANGUAGE_STANDARD = gnu17;
				GCC_DYNAMIC_NO_PIC = NO;
				GCC_NO_COMMON_BLOCKS = YES;
				GCC_OPTIMIZATION_LEVEL = 0;
				GCC_PREPROCESSOR_DEFINITIONS = (
					"DEBUG=1",
					"$(inherited)",
				);
				GCC_WARN_64_TO_32_BIT_CONVERSION = YES;
				GCC_WARN_ABOUT_RETURN_TYPE = YES_ERROR;
				GCC_WARN_UNDECLARED_SELECTOR = YES;
				GCC_WARN_UNINITIALIZED_AUTOS = YES_AGGRESSIVE;
				GCC_WARN_UNUSED_FUNCTION = YES;
				GCC_WARN_UNUSED_VARIABLE = YES;
				IPHONEOS_DEPLOYMENT_TARGET = 17.0;
				LOCALIZATION_PREFERS_STRING_CATALOGS = YES;
				MTL_ENABLE_DEBUG_INFO = INCLUDE_SOURCE;
				MTL_FAST_MATH = YES;
				ONLY_ACTIVE_ARCH = YES;
				SDKROOT = iphoneos;
				SWIFT_ACTIVE_COMPILATION_CONDITIONS = "DEBUG $(inherited)";
				SWIFT_OPTIMIZATION_LEVEL = "-Onone";
			};
			name = Debug;
		};
		63CC1D7D2B8D4DED0037506C /* Release */ = {
			isa = XCBuildConfiguration;
			buildSettings = {
				ALWAYS_SEARCH_USER_PATHS = NO;
				ASSETCATALOG_COMPILER_GENERATE_SWIFT_ASSET_SYMBOL_EXTENSIONS = YES;
				CLANG_ANALYZER_NONNULL = YES;
				CLANG_ANALYZER_NUMBER_OBJECT_CONVERSION = YES_AGGRESSIVE;
				CLANG_CXX_LANGUAGE_STANDARD = "gnu++20";
				CLANG_ENABLE_MODULES = YES;
				CLANG_ENABLE_OBJC_ARC = YES;
				CLANG_ENABLE_OBJC_WEAK = YES;
				CLANG_WARN_BLOCK_CAPTURE_AUTORELEASING = YES;
				CLANG_WARN_BOOL_CONVERSION = YES;
				CLANG_WARN_COMMA = YES;
				CLANG_WARN_CONSTANT_CONVERSION = YES;
				CLANG_WARN_DEPRECATED_OBJC_IMPLEMENTATIONS = YES;
				CLANG_WARN_DIRECT_OBJC_ISA_USAGE = YES_ERROR;
				CLANG_WARN_DOCUMENTATION_COMMENTS = YES;
				CLANG_WARN_EMPTY_BODY = YES;
				CLANG_WARN_ENUM_CONVERSION = YES;
				CLANG_WARN_INFINITE_RECURSION = YES;
				CLANG_WARN_INT_CONVERSION = YES;
				CLANG_WARN_NON_LITERAL_NULL_CONVERSION = YES;
				CLANG_WARN_OBJC_IMPLICIT_RETAIN_SELF = YES;
				CLANG_WARN_OBJC_LITERAL_CONVERSION = YES;
				CLANG_WARN_OBJC_ROOT_CLASS = YES_ERROR;
				CLANG_WARN_QUOTED_INCLUDE_IN_FRAMEWORK_HEADER = YES;
				CLANG_WARN_RANGE_LOOP_ANALYSIS = YES;
				CLANG_WARN_STRICT_PROTOTYPES = YES;
				CLANG_WARN_SUSPICIOUS_MOVE = YES;
				CLANG_WARN_UNGUARDED_AVAILABILITY = YES_AGGRESSIVE;
				CLANG_WARN_UNREACHABLE_CODE = YES;
				CLANG_WARN__DUPLICATE_METHOD_MATCH = YES;
				COPY_PHASE_STRIP = NO;
				DEBUG_INFORMATION_FORMAT = "dwarf-with-dsym";
				ENABLE_NS_ASSERTIONS = NO;
				ENABLE_STRICT_OBJC_MSGSEND = YES;
				ENABLE_USER_SCRIPT_SANDBOXING = YES;
				GCC_C_LANGUAGE_STANDARD = gnu17;
				GCC_NO_COMMON_BLOCKS = YES;
				GCC_WARN_64_TO_32_BIT_CONVERSION = YES;
				GCC_WARN_ABOUT_RETURN_TYPE = YES_ERROR;
				GCC_WARN_UNDECLARED_SELECTOR = YES;
				GCC_WARN_UNINITIALIZED_AUTOS = YES_AGGRESSIVE;
				GCC_WARN_UNUSED_FUNCTION = YES;
				GCC_WARN_UNUSED_VARIABLE = YES;
				IPHONEOS_DEPLOYMENT_TARGET = 17.0;
				LOCALIZATION_PREFERS_STRING_CATALOGS = YES;
				MTL_ENABLE_DEBUG_INFO = NO;
				MTL_FAST_MATH = YES;
				SDKROOT = iphoneos;
				SWIFT_COMPILATION_MODE = wholemodule;
				VALIDATE_PRODUCT = YES;
			};
			name = Release;
		};
		63CC1D7F2B8D4DED0037506C /* Debug */ = {
			isa = XCBuildConfiguration;
			buildSettings = {
				ASSETCATALOG_COMPILER_APPICON_NAME = AppIcon;
				ASSETCATALOG_COMPILER_GLOBAL_ACCENT_COLOR_NAME = AccentColor;
				CODE_SIGN_STYLE = Automatic;
				CURRENT_PROJECT_VERSION = 1;
				DEVELOPMENT_ASSET_PATHS = "\"study_swift/Preview Content\"";
				ENABLE_PREVIEWS = YES;
				GENERATE_INFOPLIST_FILE = YES;
				INFOPLIST_KEY_UIApplicationSceneManifest_Generation = YES;
				INFOPLIST_KEY_UIApplicationSupportsIndirectInputEvents = YES;
				INFOPLIST_KEY_UILaunchScreen_Generation = YES;
				INFOPLIST_KEY_UISupportedInterfaceOrientations_iPad = "UIInterfaceOrientationPortrait UIInterfaceOrientationPortraitUpsideDown UIInterfaceOrientationLandscapeLeft UIInterfaceOrientationLandscapeRight";
				INFOPLIST_KEY_UISupportedInterfaceOrientations_iPhone = "UIInterfaceOrientationPortrait UIInterfaceOrientationLandscapeLeft UIInterfaceOrientationLandscapeRight";
				LD_RUNPATH_SEARCH_PATHS = (
					"$(inherited)",
					"@executable_path/Frameworks",
				);
				MARKETING_VERSION = 1.0;
				PRODUCT_BUNDLE_IDENTIFIER = "main.study-swift";
				PRODUCT_NAME = "$(TARGET_NAME)";
				SWIFT_EMIT_LOC_STRINGS = YES;
				SWIFT_VERSION = 5.0;
				TARGETED_DEVICE_FAMILY = "1,2";
			};
			name = Debug;
		};
		63CC1D802B8D4DED0037506C /* Release */ = {
			isa = XCBuildConfiguration;
			buildSettings = {
				ASSETCATALOG_COMPILER_APPICON_NAME = AppIcon;
				ASSETCATALOG_COMPILER_GLOBAL_ACCENT_COLOR_NAME = AccentColor;
				CODE_SIGN_STYLE = Automatic;
				CURRENT_PROJECT_VERSION = 1;
				DEVELOPMENT_ASSET_PATHS = "\"study_swift/Preview Content\"";
				ENABLE_PREVIEWS = YES;
				GENERATE_INFOPLIST_FILE = YES;
				INFOPLIST_KEY_UIApplicationSceneManifest_Generation = YES;
				INFOPLIST_KEY_UIApplicationSupportsIndirectInputEvents = YES;
				INFOPLIST_KEY_UILaunchScreen_Generation = YES;
				INFOPLIST_KEY_UISupportedInterfaceOrientations_iPad = "UIInterfaceOrientationPortrait UIInterfaceOrientationPortraitUpsideDown UIInterfaceOrientationLandscapeLeft UIInterfaceOrientationLandscapeRight";
				INFOPLIST_KEY_UISupportedInterfaceOrientations_iPhone = "UIInterfaceOrientationPortrait UIInterfaceOrientationLandscapeLeft UIInterfaceOrientationLandscapeRight";
				LD_RUNPATH_SEARCH_PATHS = (
					"$(inherited)",
					"@executable_path/Frameworks",
				);
				MARKETING_VERSION = 1.0;
				PRODUCT_BUNDLE_IDENTIFIER = "main.study-swift";
				PRODUCT_NAME = "$(TARGET_NAME)";
				SWIFT_EMIT_LOC_STRINGS = YES;
				SWIFT_VERSION = 5.0;
				TARGETED_DEVICE_FAMILY = "1,2";
			};
			name = Release;
		};
		63CC1D822B8D4DED0037506C /* Debug */ = {
			isa = XCBuildConfiguration;
			buildSettings = {
				ALWAYS_EMBED_SWIFT_STANDARD_LIBRARIES = YES;
				BUNDLE_LOADER = "$(TEST_HOST)";
				CODE_SIGN_STYLE = Automatic;
				CURRENT_PROJECT_VERSION = 1;
				GENERATE_INFOPLIST_FILE = YES;
				IPHONEOS_DEPLOYMENT_TARGET = 17.0;
				MARKETING_VERSION = 1.0;
				PRODUCT_BUNDLE_IDENTIFIER = "main.study-swiftTests";
				PRODUCT_NAME = "$(TARGET_NAME)";
				SWIFT_EMIT_LOC_STRINGS = NO;
				SWIFT_VERSION = 5.0;
				TARGETED_DEVICE_FAMILY = "1,2";
				TEST_HOST = "$(BUILT_PRODUCTS_DIR)/study_swift.app/$(BUNDLE_EXECUTABLE_FOLDER_PATH)/study_swift";
			};
			name = Debug;
		};
		63CC1D832B8D4DED0037506C /* Release */ = {
			isa = XCBuildConfiguration;
			buildSettings = {
				ALWAYS_EMBED_SWIFT_STANDARD_LIBRARIES = YES;
				BUNDLE_LOADER = "$(TEST_HOST)";
				CODE_SIGN_STYLE = Automatic;
				CURRENT_PROJECT_VERSION = 1;
				GENERATE_INFOPLIST_FILE = YES;
				IPHONEOS_DEPLOYMENT_TARGET = 17.0;
				MARKETING_VERSION = 1.0;
				PRODUCT_BUNDLE_IDENTIFIER = "main.study-swiftTests";
				PRODUCT_NAME = "$(TARGET_NAME)";
				SWIFT_EMIT_LOC_STRINGS = NO;
				SWIFT_VERSION = 5.0;
				TARGETED_DEVICE_FAMILY = "1,2";
				TEST_HOST = "$(BUILT_PRODUCTS_DIR)/study_swift.app/$(BUNDLE_EXECUTABLE_FOLDER_PATH)/study_swift";
			};
			name = Release;
		};
		63CC1D852B8D4DED0037506C /* Debug */ = {
			isa = XCBuildConfiguration;
			buildSettings = {
				ALWAYS_EMBED_SWIFT_STANDARD_LIBRARIES = YES;
				CODE_SIGN_STYLE = Automatic;
				CURRENT_PROJECT_VERSION = 1;
				GENERATE_INFOPLIST_FILE = YES;
				MARKETING_VERSION = 1.0;
				PRODUCT_BUNDLE_IDENTIFIER = "main.study-swiftUITests";
				PRODUCT_NAME = "$(TARGET_NAME)";
				SWIFT_EMIT_LOC_STRINGS = NO;
				SWIFT_VERSION = 5.0;
				TARGETED_DEVICE_FAMILY = "1,2";
				TEST_TARGET_NAME = study_swift;
			};
			name = Debug;
		};
		63CC1D862B8D4DED0037506C /* Release */ = {
			isa = XCBuildConfiguration;
			buildSettings = {
				ALWAYS_EMBED_SWIFT_STANDARD_LIBRARIES = YES;
				CODE_SIGN_STYLE = Automatic;
				CURRENT_PROJECT_VERSION = 1;
				GENERATE_INFOPLIST_FILE = YES;
				MARKETING_VERSION = 1.0;
				PRODUCT_BUNDLE_IDENTIFIER = "main.study-swiftUITests";
				PRODUCT_NAME = "$(TARGET_NAME)";
				SWIFT_EMIT_LOC_STRINGS = NO;
				SWIFT_VERSION = 5.0;
				TARGETED_DEVICE_FAMILY = "1,2";
				TEST_TARGET_NAME = study_swift;
			};
			name = Release;
		};
/* End XCBuildConfiguration section */

/* Begin XCConfigurationList section */
		63CC1D552B8D4DEA0037506C /* Build configuration list for PBXProject "study_swift" */ = {
			isa = XCConfigurationList;
			buildConfigurations = (
				63CC1D7C2B8D4DED0037506C /* Debug */,
				63CC1D7D2B8D4DED0037506C /* Release */,
			);
			defaultConfigurationIsVisible = 0;
			defaultConfigurationName = Release;
		};
		63CC1D7E2B8D4DED0037506C /* Build configuration list for PBXNativeTarget "study_swift" */ = {
			isa = XCConfigurationList;
			buildConfigurations = (
				63CC1D7F2B8D4DED0037506C /* Debug */,
				63CC1D802B8D4DED0037506C /* Release */,
			);
			defaultConfigurationIsVisible = 0;
			defaultConfigurationName = Release;
		};
		63CC1D812B8D4DED0037506C /* Build configuration list for PBXNativeTarget "study_swiftTests" */ = {
			isa = XCConfigurationList;
			buildConfigurations = (
				63CC1D822B8D4DED0037506C /* Debug */,
				63CC1D832B8D4DED0037506C /* Release */,
			);
			defaultConfigurationIsVisible = 0;
			defaultConfigurationName = Release;
		};
		63CC1D842B8D4DED0037506C /* Build configuration list for PBXNativeTarget "study_swiftUITests" */ = {
			isa = XCConfigurationList;
			buildConfigurations = (
				63CC1D852B8D4DED0037506C /* Debug */,
				63CC1D862B8D4DED0037506C /* Release */,
			);
			defaultConfigurationIsVisible = 0;
			defaultConfigurationName = Release;
		};
/* End XCConfigurationList section */
	};
	rootObject = 63CC1D522B8D4DEA0037506C /* Project object */;
}
